{
  "lockfileVersion": 1,
  "configVersion": 1,
  "workspaces": {
    "": {
      "name": "bun-win32",
      "devDependencies": {
        "@types/bun": "latest",
      },
    },
    "packages/advapi32": {
      "name": "@bun-win32/advapi32",
      "version": "1.0.10",
      "dependencies": {
        "@bun-win32/core": "workspace:*",
      },
      "devDependencies": {
        "@bun-win32/kernel32": "workspace:*",
        "@types/bun": "latest",
      },
      "peerDependencies": {
        "typescript": "^5",
      },
    },
    "packages/bluetoothapis": {
      "name": "@bun-win32/bluetoothapis",
      "version": "1.0.0",
      "dependencies": {
        "@bun-win32/core": "workspace:*",
      },
      "devDependencies": {
        "@types/bun": "latest",
      },
      "peerDependencies": {
        "typescript": "^5",
      },
    },
    "packages/core": {
      "name": "@bun-win32/core",
      "version": "1.1.1",
      "devDependencies": {
        "@types/bun": "latest",
      },
      "peerDependencies": {
        "typescript": "^5",
      },
    },
    "packages/crypt32": {
      "name": "@bun-win32/crypt32",
      "version": "1.0.3",
      "dependencies": {
        "@bun-win32/core": "workspace:*",
      },
      "devDependencies": {
        "@bun-win32/kernel32": "workspace:*",
        "@types/bun": "latest",
      },
      "peerDependencies": {
        "typescript": "^5",
      },
    },
    "packages/dwmapi": {
      "name": "@bun-win32/dwmapi",
      "version": "1.0.3",
      "dependencies": {
        "@bun-win32/core": "workspace:*",
      },
      "devDependencies": {
        "@bun-win32/advapi32": "workspace:*",
        "@bun-win32/user32": "workspace:*",
        "@types/bun": "latest",
      },
      "peerDependencies": {
        "typescript": "^5",
      },
    },
    "packages/gdi32": {
      "name": "@bun-win32/gdi32",
      "version": "1.0.11",
      "dependencies": {
        "@bun-win32/core": "workspace:*",
      },
      "devDependencies": {
        "@bun-win32/kernel32": "workspace:*",
        "@bun-win32/user32": "workspace:*",
        "@types/bun": "latest",
      },
      "peerDependencies": {
        "typescript": "^5",
      },
    },
    "packages/glu32": {
      "name": "@bun-win32/glu32",
      "version": "1.0.11",
      "dependencies": {
        "@bun-win32/core": "workspace:*",
      },
      "devDependencies": {
        "@bun-win32/gdi32": "workspace:*",
        "@bun-win32/kernel32": "workspace:*",
        "@bun-win32/opengl32": "workspace:*",
        "@bun-win32/user32": "workspace:*",
        "@types/bun": "latest",
      },
      "peerDependencies": {
        "typescript": "^5",
      },
    },
    "packages/hid": {
      "name": "@bun-win32/hid",
      "version": "1.0.2",
      "dependencies": {
        "@bun-win32/core": "workspace:*",
      },
      "devDependencies": {
        "@bun-win32/kernel32": "workspace:*",
        "@types/bun": "latest",
      },
      "peerDependencies": {
        "typescript": "^5",
      },
    },
    "packages/iphlpapi": {
      "name": "@bun-win32/iphlpapi",
      "version": "1.0.3",
      "dependencies": {
        "@bun-win32/core": "workspace:*",
      },
      "devDependencies": {
        "@types/bun": "latest",
      },
      "peerDependencies": {
        "typescript": "^5",
      },
    },
    "packages/kernel32": {
      "name": "@bun-win32/kernel32",
      "version": "1.0.20",
      "dependencies": {
        "@bun-win32/core": "workspace:*",
      },
      "devDependencies": {
        "@types/bun": "latest",
      },
      "peerDependencies": {
        "typescript": "^5",
      },
    },
    "packages/netapi32": {
      "name": "@bun-win32/netapi32",
      "version": "1.0.3",
      "dependencies": {
        "@bun-win32/core": "workspace:*",
      },
      "devDependencies": {
        "@types/bun": "latest",
      },
      "peerDependencies": {
        "typescript": "^5",
      },
    },
    "packages/ntdll": {
      "name": "@bun-win32/ntdll",
      "version": "1.0.5",
      "dependencies": {
        "@bun-win32/core": "workspace:*",
      },
      "devDependencies": {
        "@bun-win32/kernel32": "workspace:*",
        "@types/bun": "latest",
      },
      "peerDependencies": {
        "typescript": "^5",
      },
    },
    "packages/opengl32": {
      "name": "@bun-win32/opengl32",
      "version": "1.4.9",
      "dependencies": {
        "@bun-win32/core": "workspace:*",
      },
      "devDependencies": {
        "@bun-win32/gdi32": "workspace:*",
        "@bun-win32/kernel32": "workspace:*",
        "@bun-win32/user32": "workspace:*",
        "@types/bun": "latest",
      },
      "peerDependencies": {
        "typescript": "^5",
      },
    },
    "packages/pdh": {
      "name": "@bun-win32/pdh",
      "version": "1.0.3",
      "dependencies": {
        "@bun-win32/core": "workspace:*",
      },
      "devDependencies": {
        "@types/bun": "latest",
      },
      "peerDependencies": {
        "typescript": "^5",
      },
    },
    "packages/powrprof": {
      "name": "@bun-win32/powrprof",
      "version": "1.0.0",
      "dependencies": {
        "@bun-win32/core": "workspace:*",
      },
      "devDependencies": {
        "@bun-win32/kernel32": "workspace:*",
        "@types/bun": "latest",
      },
      "peerDependencies": {
        "typescript": "^5",
      },
    },
    "packages/psapi": {
      "name": "@bun-win32/psapi",
      "version": "2.0.7",
      "dependencies": {
        "@bun-win32/core": "workspace:*",
      },
      "devDependencies": {
        "@bun-win32/kernel32": "workspace:*",
        "@types/bun": "latest",
      },
      "peerDependencies": {
        "typescript": "^5",
      },
    },
    "packages/secur32": {
      "name": "@bun-win32/secur32",
      "version": "1.0.3",
      "dependencies": {
        "@bun-win32/core": "workspace:*",
      },
      "devDependencies": {
        "@types/bun": "latest",
      },
      "peerDependencies": {
        "typescript": "^5",
      },
    },
    "packages/shell32": {
      "name": "@bun-win32/shell32",
      "version": "1.0.5",
      "dependencies": {
        "@bun-win32/core": "workspace:*",
      },
      "devDependencies": {
        "@bun-win32/kernel32": "workspace:*",
        "@types/bun": "latest",
      },
      "peerDependencies": {
        "typescript": "^5",
      },
    },
    "packages/shlwapi": {
      "name": "@bun-win32/shlwapi",
      "version": "1.0.8",
      "dependencies": {
        "@bun-win32/core": "workspace:*",
      },
      "devDependencies": {
        "@types/bun": "latest",
      },
      "peerDependencies": {
        "typescript": "^5",
      },
    },
    "packages/sspicli": {
      "name": "@bun-win32/sspicli",
      "version": "1.0.3",
      "dependencies": {
        "@bun-win32/core": "workspace:*",
      },
      "devDependencies": {
        "@bun-win32/secur32": "workspace:*",
        "@types/bun": "latest",
      },
      "peerDependencies": {
        "typescript": "^5",
      },
    },
    "packages/template": {
      "name": "@bun-win32/{name}",
      "version": "1.0.0",
      "dependencies": {
        "@bun-win32/core": "workspace:*",
      },
      "devDependencies": {
        "@types/bun": "latest",
      },
      "peerDependencies": {
        "typescript": "^5",
      },
    },
    "packages/user32": {
      "name": "@bun-win32/user32",
      "version": "3.0.19",
      "dependencies": {
        "@bun-win32/core": "workspace:*",
      },
      "devDependencies": {
        "@types/bun": "latest",
      },
      "peerDependencies": {
        "typescript": "^5",
      },
    },
    "packages/winmm": {
      "name": "@bun-win32/winmm",
      "version": "1.0.1",
      "dependencies": {
        "@bun-win32/core": "workspace:*",
      },
      "devDependencies": {
        "@types/bun": "latest",
      },
      "peerDependencies": {
        "typescript": "^5",
      },
    },
    "packages/winspool": {
      "name": "@bun-win32/winspool",
      "version": "1.0.0",
      "dependencies": {
        "@bun-win32/core": "workspace:*",
      },
      "devDependencies": {
        "@types/bun": "latest",
      },
      "peerDependencies": {
        "typescript": "^5",
      },
    },
    "packages/wlanapi": {
      "name": "@bun-win32/wlanapi",
      "version": "1.0.2",
      "dependencies": {
        "@bun-win32/core": "workspace:*",
      },
      "devDependencies": {
        "@types/bun": "latest",
      },
      "peerDependencies": {
        "typescript": "^5",
      },
    },
    "packages/ws2_32": {
      "name": "@bun-win32/ws2_32",
      "version": "1.0.3",
      "dependencies": {
        "@bun-win32/core": "workspace:*",
      },
      "devDependencies": {
        "@types/bun": "latest",
      },
      "peerDependencies": {
        "typescript": "^5",
      },
    },
  },
  "packages": {
    "@bun-win32/advapi32": ["@bun-win32/advapi32@workspace:packages/advapi32"],

    "@bun-win32/bluetoothapis": ["@bun-win32/bluetoothapis@workspace:packages/bluetoothapis"],

    "@bun-win32/core": ["@bun-win32/core@workspace:packages/core"],

    "@bun-win32/crypt32": ["@bun-win32/crypt32@workspace:packages/crypt32"],

    "@bun-win32/dwmapi": ["@bun-win32/dwmapi@workspace:packages/dwmapi"],

    "@bun-win32/gdi32": ["@bun-win32/gdi32@workspace:packages/gdi32"],

    "@bun-win32/glu32": ["@bun-win32/glu32@workspace:packages/glu32"],

    "@bun-win32/hid": ["@bun-win32/hid@workspace:packages/hid"],

    "@bun-win32/iphlpapi": ["@bun-win32/iphlpapi@workspace:packages/iphlpapi"],

    "@bun-win32/kernel32": ["@bun-win32/kernel32@workspace:packages/kernel32"],

    "@bun-win32/netapi32": ["@bun-win32/netapi32@workspace:packages/netapi32"],

    "@bun-win32/ntdll": ["@bun-win32/ntdll@workspace:packages/ntdll"],

    "@bun-win32/opengl32": ["@bun-win32/opengl32@workspace:packages/opengl32"],

    "@bun-win32/pdh": ["@bun-win32/pdh@workspace:packages/pdh"],

    "@bun-win32/powrprof": ["@bun-win32/powrprof@workspace:packages/powrprof"],

    "@bun-win32/psapi": ["@bun-win32/psapi@workspace:packages/psapi"],

    "@bun-win32/secur32": ["@bun-win32/secur32@workspace:packages/secur32"],

    "@bun-win32/shell32": ["@bun-win32/shell32@workspace:packages/shell32"],

    "@bun-win32/shlwapi": ["@bun-win32/shlwapi@workspace:packages/shlwapi"],

    "@bun-win32/sspicli": ["@bun-win32/sspicli@workspace:packages/sspicli"],

    "@bun-win32/user32": ["@bun-win32/user32@workspace:packages/user32"],

    "@bun-win32/winmm": ["@bun-win32/winmm@workspace:packages/winmm"],

    "@bun-win32/winspool": ["@bun-win32/winspool@workspace:packages/winspool"],

    "@bun-win32/wlanapi": ["@bun-win32/wlanapi@workspace:packages/wlanapi"],

    "@bun-win32/ws2_32": ["@bun-win32/ws2_32@workspace:packages/ws2_32"],

    "@bun-win32/{name}": ["@bun-win32/{name}@workspace:packages/template"],

    "@types/bun": ["@types/bun@1.3.11", "", { "dependencies": { "bun-types": "1.3.11" } }, "sha512-5vPne5QvtpjGpsGYXiFyycfpDF2ECyPcTSsFBMa0fraoxiQyMJ3SmuQIGhzPg2WJuWxVBoxWJ2kClYTcw/4fAg=="],

    "@types/node": ["@types/node@25.5.2", "", { "dependencies": { "undici-types": "~7.18.0" } }, "sha512-tO4ZIRKNC+MDWV4qKVZe3Ql/woTnmHDr5JD8UI5hn2pwBrHEwOEMZK7WlNb5RKB6EoJ02gwmQS9OrjuFnZYdpg=="],

    "bun-types": ["bun-types@1.3.11", "", { "dependencies": { "@types/node": "*" } }, "sha512-1KGPpoxQWl9f6wcZh57LvrPIInQMn2TQ7jsgxqpRzg+l0QPOFvJVH7HmvHo/AiPgwXy+/Thf6Ov3EdVn1vOabg=="],

    "typescript": ["typescript@5.9.3", "", { "bin": { "tsc": "bin/tsc", "tsserver": "bin/tsserver" } }, "sha512-jl1vZzPDinLr9eUt3J/t7V6FgNEw9QjvBPdysz9KfQDD41fQrC2Y4vKQdiaUpFT4bXlb1RHhLpp8wtm6M5TgSw=="],

    "undici-types": ["undici-types@7.18.2", "", {}, "sha512-AsuCzffGHJybSaRrmr5eHr81mwJU3kjw6M+uprWvCXiNeN9SOGwQ3Jn8jb8m3Z6izVgknn1R0FTCEAP2QrLY/w=="],
  }
}
